
Microsoft Visual Studio Solution File, Format Version 12.00
# Visual Studio Version 17
VisualStudioVersion = 17.9.34902.65
MinimumVisualStudioVersion = 10.0.40219.1
Project("{FAE04EC0-301F-11D3-BF4B-00C04F79EFBC}") = "BookMaster1", "BookMaster1\BookMaster1.csproj", "{FEDF8D36-A3C0-45BB-8035-E6CD8737411B}"
EndProject
Global
	GlobalSection(SolutionConfigurationPlatforms) = preSolution
		Debug|Any CPU = Debug|Any CPU
		Release|Any CPU = Release|Any CPU
	EndGlobalSection
	GlobalSection(ProjectConfigurationPlatforms) = postSolution
		{FEDF8D36-A3C0-45BB-8035-E6CD8737411B}.Debug|Any CPU.ActiveCfg = Debug|Any CPU
		{FEDF8D36-A3C0-45BB-8035-E6CD8737411B}.Debug|Any CPU.Build.0 = Debug|Any CPU
		{FEDF8D36-A3C0-45BB-8035-E6CD8737411B}.Release|Any CPU.ActiveCfg = Release|Any CPU
		{FEDF8D36-A3C0-45BB-8035-E6CD8737411B}.Release|Any CPU.Build.0 = Release|Any CPU
	EndGlobalSection
	GlobalSection(SolutionProperties) = preSolution
		HideSolutionNode = FALSE
	EndGlobalSection
	GlobalSection(ExtensibilityGlobals) = postSolution
		SolutionGuid = {F74D56D2-A06B-402C-BD9F-10DC52EECE2A}
	EndGlobalSection
EndGlobal
